github.com/garyburd/redigo v1.6.0 h1:0VruCpn7yAIIu7pWVClQC8wxCJEcG3nyzpMSHKi1PQc=
github.com/garyburd/redigo v1.6.0/go.mod h1:NR3MbYisc3/PwhQ00EMzDiPmrwpPxAn5GI05/YaO1SY=
github.com/jordan-wright/email v0.0.0-20190819015918-041e0cec78b0 h1:9RqhD4eIjDTQuWBItAeHJfGA0QIvqsyZtr6FlgagMR4=
github.com/jordan-wright/email v0.0.0-20190819015918-041e0cec78b0/go.mod h1:1c7szIrayyPPB/987hsnvNzLushdWf4o/79s3P08L8A=
